// !$*UTF8*$!
{
	archiveVersion = 1;
	classes = {
	};
	objectVersion = 46;
	objects = {

/* Begin PBXBuildFile section */
		6E0AB0ED1CDB059B008D004C /* main.m in Sources */ = {isa = PBXBuildFile; fileRef = 6E0AB0EC1CDB059B008D004C /* main.m */; };
		6E0AB0F51CDB05B8008D004C /* XYpoint.m in Sources */ = {isa = PBXBuildFile; fileRef = 6E0AB0F41CDB05B8008D004C /* XYpoint.m */; };
/* End PBXBuildFile section */

/* Begin PBXCopyFilesBuildPhase section */
		6E0AB0E71CDB059B008D004C /* CopyFiles */ = {
			isa = PBXCopyFilesBuildPhase;
			buildActionMask = 2147483647;
			dstPath = /usr/share/man/man1/;
			dstSubfolderSpec = 0;
			files = (
			);
			runOnlyForDeploymentPostprocessing = 1;
		};
/* End PBXCopyFilesBuildPhase section */

/* Begin PBXFileReference section */
		6E0AB0E91CDB059B008D004C /* 8.2 */ = {isa = PBXFileReference; explicitFileType = "compiled.mach-o.executable"; includeInIndex = 0; path = 8.2; sourceTree = BUILT_PRODUCTS_DIR; };
		6E0AB0EC1CDB059B008D004C /* main.m */ = {isa = PBXFileReference; lastKnownFileType = sourcecode.c.objc; path = main.m; sourceTree = "<group>"; };
		6E0AB0F31CDB05B8008D004C /* XYpoint.h */ = {isa = PBXFileReference; fileEncoding = 4; lastKnownFileType = sourcecode.c.h; path = XYpoint.h; sourceTree = "<group>"; };
		6E0AB0F41CDB05B8008D004C /* XYpoint.m */ = {isa = PBXFileReference; fileEncoding = 4; lastKnownFileType = sourcecode.c.objc; path = XYpoint.m; sourceTree = "<group>"; };
/* End PBXFileReference section */

/* Begin PBXFrameworksBuildPhase section */
		6E0AB0E61CDB059B008D004C /* Frameworks */ = {
			isa = PBXFrameworksBuildPhase;
			buildActionMask = 2147483647;
			files = (
			);
			runOnlyForDeploymentPostprocessing = 0;
		};
/* End PBXFrameworksBuildPhase section */

/* Begin PBXGroup section */
		6E0AB0E01CDB059B008D004C = {
			isa = PBXGroup;
			children = (
				6E0AB0EB1CDB059B008D004C /* 8.2 */,
				6E0AB0EA1CDB059B008D004C /* Products */,
			);
			sourceTree = "<group>";
		};
		6E0AB0EA1CDB059B008D004C /* Products */ = {
			isa = PBXGroup;
			children = (
				6E0AB0E91CDB059B008D004C /* 8.2 */,
			);
			name = Products;
			sourceTree = "<group>";
		};
		6E0AB0EB1CDB059B008D004C /* 8.2 */ = {
			isa = PBXGroup;
			children = (
				6E0AB0EC1CDB059B008D004C /* main.m */,
				6E0AB0F31CDB05B8008D004C /* XYpoint.h */,
				6E0AB0F41CDB05B8008D004C /* XYpoint.m */,
			);
			path = 8.2;
			sourceTree = "<group>";
		};
/* End PBXGroup section */

/* Begin PBXNativeTarget section */
		6E0AB0E81CDB059B008D004C /* 8.2 */ = {
			isa = PBXNativeTarget;
			buildConfigurationList = 6E0AB0F01CDB059B008D004C /* Build configuration list for PBXNativeTarget "8.2" */;
			buildPhases = (
				6E0AB0E51CDB059B008D004C /* Sources */,
				6E0AB0E61CDB059B008D004C /* Frameworks */,
				6E0AB0E71CDB059B008D004C /* CopyFiles */,
			);
			buildRules = (
			);
			dependencies = (
			);
			name = 8.2;
			productName = 8.2;
			productReference = 6E0AB0E91CDB059B008D004C /* 8.2 */;
			productType = "com.apple.product-type.tool";
		};
/* End PBXNativeTarget section */

/* Begin PBXProject section */
		6E0AB0E11CDB059B008D004C /* Project object */ = {
			isa = PBXProject;
			attributes = {
				LastUpgradeCheck = 0730;
				ORGANIZATIONNAME = "王轶斐";
				TargetAttributes = {
					6E0AB0E81CDB059B008D004C = {
						CreatedOnToolsVersion = 7.3;
					};
				};
			};
			buildConfigurationList = 6E0AB0E41CDB059B008D004C /* Build configuration list for PBXProject "8.2" */;
			compatibilityVersion = "Xcode 3.2";
			developmentRegion = English;
			hasScannedForEncodings = 0;
			knownRegions = (
				en,
			);
			mainGroup = 6E0AB0E01CDB059B008D004C;
			productRefGroup = 6E0AB0EA1CDB059B008D004C /* Products */;
			projectDirPath = "";
			projectRoot = "";
			targets = (
				6E0AB0E81CDB059B008D004C /* 8.2 */,
			);
		};
/* End PBXProject section */

/* Begin PBXSourcesBuildPhase section */
		6E0AB0E51CDB059B008D004C /* Sources */ = {
			isa = PBXSourcesBuildPhase;
			buildActionMask = 2147483647;
			files = (
				6E0AB0ED1CDB059B008D004C /* main.m in Sources */,
				6E0AB0F51CDB05B8008D004C /* XYpoint.m in Sources */,
			);
			runOnlyForDeploymentPostprocessing = 0;
		};
/* End PBXSourcesBuildPhase section */

/* Begin XCBuildConfiguration section */
		6E0AB0EE1CDB059B008D004C /* Debug */ = {
			isa = XCBuildConfiguration;
			buildSettings = {
				ALWAYS_SEARCH_USER_PATHS = NO;
				CLANG_ANALYZER_NONNULL = YES;
				CLANG_CXX_LANGUAGE_STANDARD = "gnu++0x";
				CLANG_CXX_LIBRARY = "libc++";
				CLANG_ENABLE_MODULES = YES;
				CLANG_ENABLE_OBJC_ARC = YES;
				CLANG_WARN_BOOL_CONVERSION = YES;
				CLANG_WARN_CONSTANT_CONVERSION = YES;
				CLANG_WARN_DIRECT_OBJC_ISA_USAGE = YES_ERROR;
				CLANG_WARN_EMPTY_BODY = YES;
				CLANG_WARN_ENUM_CONVERSION = YES;
				CLANG_WARN_INT_CONVERSION = YES;
				CLANG_WARN_OBJC_ROOT_CLASS = YES_ERROR;
				CLANG_WARN_UNREACHABLE_CODE = YES;
				CLANG_WARN__DUPLICATE_METHOD_MATCH = YES;
				CODE_SIGN_IDENTITY = "-";
				COPY_PHASE_STRIP = NO;
				DEBUG_INFORMATION_FORMAT = dwarf;
				ENABLE_STRICT_OBJC_MSGSEND = YES;
				ENABLE_TESTABILITY = YES;
				GCC_C_LANGUAGE_STANDARD = gnu99;
				GCC_DYNAMIC_NO_PIC = NO;
				GCC_NO_COMMON_BLOCKS = YES;
				GCC_OPTIMIZATION_LEVEL = 0;
				GCC_PREPROCESSOR_DEFINITIONS = (
					"DEBUG=1",
					"$(inherited)",
				);
				GCC_WARN_64_TO_32_BIT_CONVERSION = YES;
				GCC_WARN_ABOUT_RETURN_TYPE = YES_ERROR;
				GCC_WARN_UNDECLARED_SELECTOR = YES;
				GCC_WARN_UNINITIALIZED_AUTOS = YES_AGGRESSIVE;
				GCC_WARN_UNUSED_FUNCTION = YES;
				GCC_WARN_UNUSED_VARIABLE = YES;
				MACOSX_DEPLOYMENT_TARGET = 10.11;
				MTL_ENABLE_DEBUG_INFO = YES;
				ONLY_ACTIVE_ARCH = YES;
				SDKROOT = macosx;
			};
			name = Debug;
		};
		6E0AB0EF1CDB059B008D004C /* Release */ = {
			isa = XCBuildConfiguration;
			buildSettings = {
				ALWAYS_SEARCH_USER_PATHS = NO;
				CLANG_ANALYZER_NONNULL = YES;
				CLANG_CXX_LANGUAGE_STANDARD = "gnu++0x";
				CLANG_CXX_LIBRARY = "libc++";
				CLANG_ENABLE_MODULES = YES;
				CLANG_ENABLE_OBJC_ARC = YES;
				CLANG_WARN_BOOL_CONVERSION = YES;
				CLANG_WARN_CONSTANT_CONVERSION = YES;
				CLANG_WARN_DIRECT_OBJC_ISA_USAGE = YES_ERROR;
				CLANG_WARN_EMPTY_BODY = YES;
				CLANG_WARN_ENUM_CONVERSION = YES;
				CLANG_WARN_INT_CONVERSION = YES;
				CLANG_WARN_OBJC_ROOT_CLASS = YES_ERROR;
				CLANG_WARN_UNREACHABLE_CODE = YES;
				CLANG_WARN__DUPLICATE_METHOD_MATCH = YES;
				CODE_SIGN_IDENTITY = "-";
				COPY_PHASE_STRIP = NO;
				DEBUG_INFORMATION_FORMAT = "dwarf-with-dsym";
				ENABLE_NS_ASSERTIONS = NO;
				ENABLE_STRICT_OBJC_MSGSEND = YES;
				GCC_C_LANGUAGE_STANDARD = gnu99;
				GCC_NO_COMMON_BLOCKS = YES;
				GCC_WARN_64_TO_32_BIT_CONVERSION = YES;
				GCC_WARN_ABOUT_RETURN_TYPE = YES_ERROR;
				GCC_WARN_UNDECLARED_SELECTOR = YES;
				GCC_WARN_UNINITIALIZED_AUTOS = YES_AGGRESSIVE;
				GCC_WARN_UNUSED_FUNCTION = YES;
				GCC_WARN_UNUSED_VARIABLE = YES;
				MACOSX_DEPLOYMENT_TARGET = 10.11;
				MTL_ENABLE_DEBUG_INFO = NO;
				SDKROOT = macosx;
			};
			name = Release;
		};
		6E0AB0F11CDB059B008D004C /* Debug */ = {
			isa = XCBuildConfiguration;
			buildSettings = {
				PRODUCT_NAME = "$(TARGET_NAME)";
			};
			name = Debug;
		};
		6E0AB0F21CDB059B008D004C /* Release */ = {
			isa = XCBuildConfiguration;
			buildSettings = {
				PRODUCT_NAME = "$(TARGET_NAME)";
			};
			name = Release;
		};
/* End XCBuildConfiguration section */

/* Begin XCConfigurationList section */
		6E0AB0E41CDB059B008D004C /* Build configuration list for PBXProject "8.2" */ = {
			isa = XCConfigurationList;
			buildConfigurations = (
				6E0AB0EE1CDB059B008D004C /* Debug */,
				6E0AB0EF1CDB059B008D004C /* Release */,
			);
			defaultConfigurationIsVisible = 0;
			defaultConfigurationName = Release;
		};
		6E0AB0F01CDB059B008D004C /* Build configuration list for PBXNativeTarget "8.2" */ = {
			isa = XCConfigurationList;
			buildConfigurations = (
				6E0AB0F11CDB059B008D004C /* Debug */,
				6E0AB0F21CDB059B008D004C /* Release */,
			);
			defaultConfigurationIsVisible = 0;
		};
/* End XCConfigurationList section */
	};
	rootObject = 6E0AB0E11CDB059B008D004C /* Project object */;
}
